// !$*UTF8*$!
{
	archiveVersion = 1;
	classes = {
	};
	objectVersion = 55;
	objects = {

/* Begin PBXBuildFile section */
		83943E772836B319009A0ABF /* Constants.strings in Resources */ = {isa = PBXBuildFile; fileRef = 83943E792836B319009A0ABF /* Constants.strings */; };
		83FB4FCC282AC3D500224DA3 /* AppDelegate.swift in Sources */ = {isa = PBXBuildFile; fileRef = 83FB4FCB282AC3D500224DA3 /* AppDelegate.swift */; };
		83FB4FCE282AC3D500224DA3 /* SceneDelegate.swift in Sources */ = {isa = PBXBuildFile; fileRef = 83FB4FCD282AC3D500224DA3 /* SceneDelegate.swift */; };
		83FB4FD0282AC3D500224DA3 /* onBoardinViewController.swift in Sources */ = {isa = PBXBuildFile; fileRef = 83FB4FCF282AC3D500224DA3 /* onBoardinViewController.swift */; };
		83FB4FD5282AC3D800224DA3 /* Assets.xcassets in Resources */ = {isa = PBXBuildFile; fileRef = 83FB4FD4282AC3D800224DA3 /* Assets.xcassets */; };
		83FB4FD8282AC3D800224DA3 /* LaunchScreen.storyboard in Resources */ = {isa = PBXBuildFile; fileRef = 83FB4FD6282AC3D800224DA3 /* LaunchScreen.storyboard */; };
		83FB4FE2282BA88200224DA3 /* HomeViewController.swift in Sources */ = {isa = PBXBuildFile; fileRef = 83FB4FE1282BA88200224DA3 /* HomeViewController.swift */; };
		83FB4FE4282C3BF500224DA3 /* CommonButton.swift in Sources */ = {isa = PBXBuildFile; fileRef = 83FB4FE3282C3BF500224DA3 /* CommonButton.swift */; };
/* End PBXBuildFile section */

/* Begin PBXFileReference section */
		83943E782836B319009A0ABF /* en */ = {isa = PBXFileReference; lastKnownFileType = text.plist.strings; name = en; path = en.lproj/Constants.strings; sourceTree = "<group>"; };
		83943E7F2836B42B009A0ABF /* ru */ = {isa = PBXFileReference; lastKnownFileType = text.plist.strings; name = ru; path = ru.lproj/LaunchScreen.strings; sourceTree = "<group>"; };
		83943E802836B458009A0ABF /* ru */ = {isa = PBXFileReference; lastKnownFileType = text.plist.strings; name = ru; path = ru.lproj/Constants.strings; sourceTree = "<group>"; };
		83FB4FC8282AC3D500224DA3 /* zoo.app */ = {isa = PBXFileReference; explicitFileType = wrapper.application; includeInIndex = 0; path = zoo.app; sourceTree = BUILT_PRODUCTS_DIR; };
		83FB4FCB282AC3D500224DA3 /* AppDelegate.swift */ = {isa = PBXFileReference; lastKnownFileType = sourcecode.swift; path = AppDelegate.swift; sourceTree = "<group>"; };
		83FB4FCD282AC3D500224DA3 /* SceneDelegate.swift */ = {isa = PBXFileReference; lastKnownFileType = sourcecode.swift; path = SceneDelegate.swift; sourceTree = "<group>"; };
		83FB4FCF282AC3D500224DA3 /* onBoardinViewController.swift */ = {isa = PBXFileReference; lastKnownFileType = sourcecode.swift; path = onBoardinViewController.swift; sourceTree = "<group>"; };
		83FB4FD4282AC3D800224DA3 /* Assets.xcassets */ = {isa = PBXFileReference; lastKnownFileType = folder.assetcatalog; path = Assets.xcassets; sourceTree = "<group>"; };
		83FB4FD7282AC3D800224DA3 /* Base */ = {isa = PBXFileReference; lastKnownFileType = file.storyboard; name = Base; path = Base.lproj/LaunchScreen.storyboard; sourceTree = "<group>"; };
		83FB4FD9282AC3D800224DA3 /* Info.plist */ = {isa = PBXFileReference; lastKnownFileType = text.plist.xml; path = Info.plist; sourceTree = "<group>"; };
		83FB4FE1282BA88200224DA3 /* HomeViewController.swift */ = {isa = PBXFileReference; lastKnownFileType = sourcecode.swift; path = HomeViewController.swift; sourceTree = "<group>"; };
		83FB4FE3282C3BF500224DA3 /* CommonButton.swift */ = {isa = PBXFileReference; lastKnownFileType = sourcecode.swift; path = CommonButton.swift; sourceTree = "<group>"; };
/* End PBXFileReference section */

/* Begin PBXFrameworksBuildPhase section */
		83FB4FC5282AC3D500224DA3 /* Frameworks */ = {
			isa = PBXFrameworksBuildPhase;
			buildActionMask = 2147483647;
			files = (
			);
			runOnlyForDeploymentPostprocessing = 0;
		};
/* End PBXFrameworksBuildPhase section */

/* Begin PBXGroup section */
		83FB4FBF282AC3D500224DA3 = {
			isa = PBXGroup;
			children = (
				83943E792836B319009A0ABF /* Constants.strings */,
				83FB4FCA282AC3D500224DA3 /* zoo */,
				83FB4FC9282AC3D500224DA3 /* Products */,
			);
			sourceTree = "<group>";
		};
		83FB4FC9282AC3D500224DA3 /* Products */ = {
			isa = PBXGroup;
			children = (
				83FB4FC8282AC3D500224DA3 /* zoo.app */,
			);
			name = Products;
			sourceTree = "<group>";
		};
		83FB4FCA282AC3D500224DA3 /* zoo */ = {
			isa = PBXGroup;
			children = (
				83FB4FCB282AC3D500224DA3 /* AppDelegate.swift */,
				83FB4FCD282AC3D500224DA3 /* SceneDelegate.swift */,
				83FB4FCF282AC3D500224DA3 /* onBoardinViewController.swift */,
				83FB4FD4282AC3D800224DA3 /* Assets.xcassets */,
				83FB4FD6282AC3D800224DA3 /* LaunchScreen.storyboard */,
				83FB4FD9282AC3D800224DA3 /* Info.plist */,
				83FB4FE1282BA88200224DA3 /* HomeViewController.swift */,
				83FB4FE3282C3BF500224DA3 /* CommonButton.swift */,
			);
			path = zoo;
			sourceTree = "<group>";
		};
/* End PBXGroup section */

/* Begin PBXNativeTarget section */
		83FB4FC7282AC3D500224DA3 /* zoo */ = {
			isa = PBXNativeTarget;
			buildConfigurationList = 83FB4FDC282AC3D800224DA3 /* Build configuration list for PBXNativeTarget "zoo" */;
			buildPhases = (
				83FB4FC4282AC3D500224DA3 /* Sources */,
				83FB4FC5282AC3D500224DA3 /* Frameworks */,
				83FB4FC6282AC3D500224DA3 /* Resources */,
			);
			buildRules = (
			);
			dependencies = (
			);
			name = zoo;
			productName = zoo;
			productReference = 83FB4FC8282AC3D500224DA3 /* zoo.app */;
			productType = "com.apple.product-type.application";
		};
/* End PBXNativeTarget section */

/* Begin PBXProject section */
		83FB4FC0282AC3D500224DA3 /* Project object */ = {
			isa = PBXProject;
			attributes = {
				BuildIndependentTargetsInParallel = 1;
				LastSwiftUpdateCheck = 1320;
				LastUpgradeCheck = 1320;
				TargetAttributes = {
					83FB4FC7282AC3D500224DA3 = {
						CreatedOnToolsVersion = 13.2.1;
					};
				};
			};
			buildConfigurationList = 83FB4FC3282AC3D500224DA3 /* Build configuration list for PBXProject "zoo" */;
			compatibilityVersion = "Xcode 13.0";
			developmentRegion = en;
			hasScannedForEncodings = 0;
			knownRegions = (
				en,
				Base,
				ru,
				hy,
			);
			mainGroup = 83FB4FBF282AC3D500224DA3;
			productRefGroup = 83FB4FC9282AC3D500224DA3 /* Products */;
			projectDirPath = "";
			projectRoot = "";
			targets = (
				83FB4FC7282AC3D500224DA3 /* zoo */,
			);
		};
/* End PBXProject section */

/* Begin PBXResourcesBuildPhase section */
		83FB4FC6282AC3D500224DA3 /* Resources */ = {
			isa = PBXResourcesBuildPhase;
			buildActionMask = 2147483647;
			files = (
				83943E772836B319009A0ABF /* Constants.strings in Resources */,
				83FB4FD8282AC3D800224DA3 /* LaunchScreen.storyboard in Resources */,
				83FB4FD5282AC3D800224DA3 /* Assets.xcassets in Resources */,
			);
			runOnlyForDeploymentPostprocessing = 0;
		};
/* End PBXResourcesBuildPhase section */

/* Begin PBXSourcesBuildPhase section */
		83FB4FC4282AC3D500224DA3 /* Sources */ = {
			isa = PBXSourcesBuildPhase;
			buildActionMask = 2147483647;
			files = (
				83FB4FD0282AC3D500224DA3 /* onBoardinViewController.swift in Sources */,
				83FB4FE4282C3BF500224DA3 /* CommonButton.swift in Sources */,
				83FB4FCC282AC3D500224DA3 /* AppDelegate.swift in Sources */,
				83FB4FCE282AC3D500224DA3 /* SceneDelegate.swift in Sources */,
				83FB4FE2282BA88200224DA3 /* HomeViewController.swift in Sources */,
			);
			runOnlyForDeploymentPostprocessing = 0;
		};
/* End PBXSourcesBuildPhase section */

/* Begin PBXVariantGroup section */
		83943E792836B319009A0ABF /* Constants.strings */ = {
			isa = PBXVariantGroup;
			children = (
				83943E782836B319009A0ABF /* en */,
				83943E802836B458009A0ABF /* ru */,
			);
			name = Constants.strings;
			sourceTree = "<group>";
		};
		83FB4FD6282AC3D800224DA3 /* LaunchScreen.storyboard */ = {
			isa = PBXVariantGroup;
			children = (
				83FB4FD7282AC3D800224DA3 /* Base */,
				83943E7F2836B42B009A0ABF /* ru */,
			);
			name = LaunchScreen.storyboard;
			sourceTree = "<group>";
		};
/* End PBXVariantGroup section */

/* Begin XCBuildConfiguration section */
		83FB4FDA282AC3D800224DA3 /* Debug */ = {
			isa = XCBuildConfiguration;
			buildSettings = {
				ALWAYS_SEARCH_USER_PATHS = NO;
				CLANG_ANALYZER_LOCALIZABILITY_NONLOCALIZED = YES;
				CLANG_ANALYZER_NONNULL = YES;
				CLANG_ANALYZER_NUMBER_OBJECT_CONVERSION = YES_AGGRESSIVE;
				CLANG_CXX_LANGUAGE_STANDARD = "gnu++17";
				CLANG_CXX_LIBRARY = "libc++";
				CLANG_ENABLE_MODULES = YES;
				CLANG_ENABLE_OBJC_ARC = YES;
				CLANG_ENABLE_OBJC_WEAK = YES;
				CLANG_WARN_BLOCK_CAPTURE_AUTORELEASING = YES;
				CLANG_WARN_BOOL_CONVERSION = YES;
				CLANG_WARN_COMMA = YES;
				CLANG_WARN_CONSTANT_CONVERSION = YES;
				CLANG_WARN_DEPRECATED_OBJC_IMPLEMENTATIONS = YES;
				CLANG_WARN_DIRECT_OBJC_ISA_USAGE = YES_ERROR;
				CLANG_WARN_DOCUMENTATION_COMMENTS = YES;
				CLANG_WARN_EMPTY_BODY = YES;
				CLANG_WARN_ENUM_CONVERSION = YES;
				CLANG_WARN_INFINITE_RECURSION = YES;
				CLANG_WARN_INT_CONVERSION = YES;
				CLANG_WARN_NON_LITERAL_NULL_CONVERSION = YES;
				CLANG_WARN_OBJC_IMPLICIT_RETAIN_SELF = YES;
				CLANG_WARN_OBJC_LITERAL_CONVERSION = YES;
				CLANG_WARN_OBJC_ROOT_CLASS = YES_ERROR;
				CLANG_WARN_QUOTED_INCLUDE_IN_FRAMEWORK_HEADER = YES;
				CLANG_WARN_RANGE_LOOP_ANALYSIS = YES;
				CLANG_WARN_STRICT_PROTOTYPES = YES;
				CLANG_WARN_SUSPICIOUS_MOVE = YES;
				CLANG_WARN_UNGUARDED_AVAILABILITY = YES_AGGRESSIVE;
				CLANG_WARN_UNREACHABLE_CODE = YES;
				CLANG_WARN__DUPLICATE_METHOD_MATCH = YES;
				COPY_PHASE_STRIP = NO;
				DEBUG_INFORMATION_FORMAT = dwarf;
				ENABLE_STRICT_OBJC_MSGSEND = YES;
				ENABLE_TESTABILITY = YES;
				GCC_C_LANGUAGE_STANDARD = gnu11;
				GCC_DYNAMIC_NO_PIC = NO;
				GCC_NO_COMMON_BLOCKS = YES;
				GCC_OPTIMIZATION_LEVEL = 0;
				GCC_PREPROCESSOR_DEFINITIONS = (
					"DEBUG=1",
					"$(inherited)",
				);
				GCC_WARN_64_TO_32_BIT_CONVERSION = YES;
				GCC_WARN_ABOUT_RETURN_TYPE = YES_ERROR;
				GCC_WARN_UNDECLARED_SELECTOR = YES;
				GCC_WARN_UNINITIALIZED_AUTOS = YES_AGGRESSIVE;
				GCC_WARN_UNUSED_FUNCTION = YES;
				GCC_WARN_UNUSED_VARIABLE = YES;
				IPHONEOS_DEPLOYMENT_TARGET = 15.2;
				MTL_ENABLE_DEBUG_INFO = INCLUDE_SOURCE;
				MTL_FAST_MATH = YES;
				ONLY_ACTIVE_ARCH = YES;
				SDKROOT = iphoneos;
				SWIFT_ACTIVE_COMPILATION_CONDITIONS = DEBUG;
				SWIFT_OPTIMIZATION_LEVEL = "-Onone";
			};
			name = Debug;
		};
		83FB4FDB282AC3D800224DA3 /* Release */ = {
			isa = XCBuildConfiguration;
			buildSettings = {
				ALWAYS_SEARCH_USER_PATHS = NO;
				CLANG_ANALYZER_LOCALIZABILITY_NONLOCALIZED = YES;
				CLANG_ANALYZER_NONNULL = YES;
				CLANG_ANALYZER_NUMBER_OBJECT_CONVERSION = YES_AGGRESSIVE;
				CLANG_CXX_LANGUAGE_STANDARD = "gnu++17";
				CLANG_CXX_LIBRARY = "libc++";
				CLANG_ENABLE_MODULES = YES;
				CLANG_ENABLE_OBJC_ARC = YES;
				CLANG_ENABLE_OBJC_WEAK = YES;
				CLANG_WARN_BLOCK_CAPTURE_AUTORELEASING = YES;
				CLANG_WARN_BOOL_CONVERSION = YES;
				CLANG_WARN_COMMA = YES;
				CLANG_WARN_CONSTANT_CONVERSION = YES;
				CLANG_WARN_DEPRECATED_OBJC_IMPLEMENTATIONS = YES;
				CLANG_WARN_DIRECT_OBJC_ISA_USAGE = YES_ERROR;
				CLANG_WARN_DOCUMENTATION_COMMENTS = YES;
				CLANG_WARN_EMPTY_BODY = YES;
				CLANG_WARN_ENUM_CONVERSION = YES;
				CLANG_WARN_INFINITE_RECURSION = YES;
				CLANG_WARN_INT_CONVERSION = YES;
				CLANG_WARN_NON_LITERAL_NULL_CONVERSION = YES;
				CLANG_WARN_OBJC_IMPLICIT_RETAIN_SELF = YES;
				CLANG_WARN_OBJC_LITERAL_CONVERSION = YES;
				CLANG_WARN_OBJC_ROOT_CLASS = YES_ERROR;
				CLANG_WARN_QUOTED_INCLUDE_IN_FRAMEWORK_HEADER = YES;
				CLANG_WARN_RANGE_LOOP_ANALYSIS = YES;
				CLANG_WARN_STRICT_PROTOTYPES = YES;
				CLANG_WARN_SUSPICIOUS_MOVE = YES;
				CLANG_WARN_UNGUARDED_AVAILABILITY = YES_AGGRESSIVE;
				CLANG_WARN_UNREACHABLE_CODE = YES;
				CLANG_WARN__DUPLICATE_METHOD_MATCH = YES;
				COPY_PHASE_STRIP = NO;
				DEBUG_INFORMATION_FORMAT = "dwarf-with-dsym";
				ENABLE_NS_ASSERTIONS = NO;
				ENABLE_STRICT_OBJC_MSGSEND = YES;
				GCC_C_LANGUAGE_STANDARD = gnu11;
				GCC_NO_COMMON_BLOCKS = YES;
				GCC_WARN_64_TO_32_BIT_CONVERSION = YES;
				GCC_WARN_ABOUT_RETURN_TYPE = YES_ERROR;
				GCC_WARN_UNDECLARED_SELECTOR = YES;
				GCC_WARN_UNINITIALIZED_AUTOS = YES_AGGRESSIVE;
				GCC_WARN_UNUSED_FUNCTION = YES;
				GCC_WARN_UNUSED_VARIABLE = YES;
				IPHONEOS_DEPLOYMENT_TARGET = 15.2;
				MTL_ENABLE_DEBUG_INFO = NO;
				MTL_FAST_MATH = YES;
				SDKROOT = iphoneos;
				SWIFT_COMPILATION_MODE = wholemodule;
				SWIFT_OPTIMIZATION_LEVEL = "-O";
				VALIDATE_PRODUCT = YES;
			};
			name = Release;
		};
		83FB4FDD282AC3D800224DA3 /* Debug */ = {
			isa = XCBuildConfiguration;
			buildSettings = {
				ASSETCATALOG_COMPILER_APPICON_NAME = AppIcon;
				ASSETCATALOG_COMPILER_GLOBAL_ACCENT_COLOR_NAME = AccentColor;
				CODE_SIGN_STYLE = Automatic;
				CURRENT_PROJECT_VERSION = 1;
				DEVELOPMENT_TEAM = SZP8XS28A7;
				GENERATE_INFOPLIST_FILE = YES;
				INFOPLIST_FILE = zoo/Info.plist;
				INFOPLIST_KEY_UIApplicationSupportsIndirectInputEvents = YES;
				INFOPLIST_KEY_UILaunchStoryboardName = LaunchScreen;
				INFOPLIST_KEY_UISupportedInterfaceOrientations_iPad = "UIInterfaceOrientationPortrait UIInterfaceOrientationPortraitUpsideDown UIInterfaceOrientationLandscapeLeft UIInterfaceOrientationLandscapeRight";
				INFOPLIST_KEY_UISupportedInterfaceOrientations_iPhone = "UIInterfaceOrientationPortrait UIInterfaceOrientationLandscapeLeft UIInterfaceOrientationLandscapeRight";
				LD_RUNPATH_SEARCH_PATHS = (
					"$(inherited)",
					"@executable_path/Frameworks",
				);
				MARKETING_VERSION = 1.0;
				PRODUCT_BUNDLE_IDENTIFIER = com.aram.arakelyan.zoo;
				PRODUCT_NAME = "$(TARGET_NAME)";
				SWIFT_EMIT_LOC_STRINGS = YES;
				SWIFT_VERSION = 5.0;
				TARGETED_DEVICE_FAMILY = "1,2";
			};
			name = Debug;
		};
		83FB4FDE282AC3D800224DA3 /* Release */ = {
			isa = XCBuildConfiguration;
			buildSettings = {
				ASSETCATALOG_COMPILER_APPICON_NAME = AppIcon;
				ASSETCATALOG_COMPILER_GLOBAL_ACCENT_COLOR_NAME = AccentColor;
				CODE_SIGN_STYLE = Automatic;
				CURRENT_PROJECT_VERSION = 1;
				DEVELOPMENT_TEAM = SZP8XS28A7;
				GENERATE_INFOPLIST_FILE = YES;
				INFOPLIST_FILE = zoo/Info.plist;
				INFOPLIST_KEY_UIApplicationSupportsIndirectInputEvents = YES;
				INFOPLIST_KEY_UILaunchStoryboardName = LaunchScreen;
				INFOPLIST_KEY_UISupportedInterfaceOrientations_iPad = "UIInterfaceOrientationPortrait UIInterfaceOrientationPortraitUpsideDown UIInterfaceOrientationLandscapeLeft UIInterfaceOrientationLandscapeRight";
				INFOPLIST_KEY_UISupportedInterfaceOrientations_iPhone = "UIInterfaceOrientationPortrait UIInterfaceOrientationLandscapeLeft UIInterfaceOrientationLandscapeRight";
				LD_RUNPATH_SEARCH_PATHS = (
					"$(inherited)",
					"@executable_path/Frameworks",
				);
				MARKETING_VERSION = 1.0;
				PRODUCT_BUNDLE_IDENTIFIER = com.aram.arakelyan.zoo;
				PRODUCT_NAME = "$(TARGET_NAME)";
				SWIFT_EMIT_LOC_STRINGS = YES;
				SWIFT_VERSION = 5.0;
				TARGETED_DEVICE_FAMILY = "1,2";
			};
			name = Release;
		};
/* End XCBuildConfiguration section */

/* Begin XCConfigurationList section */
		83FB4FC3282AC3D500224DA3 /* Build configuration list for PBXProject "zoo" */ = {
			isa = XCConfigurationList;
			buildConfigurations = (
				83FB4FDA282AC3D800224DA3 /* Debug */,
				83FB4FDB282AC3D800224DA3 /* Release */,
			);
			defaultConfigurationIsVisible = 0;
			defaultConfigurationName = Release;
		};
		83FB4FDC282AC3D800224DA3 /* Build configuration list for PBXNativeTarget "zoo" */ = {
			isa = XCConfigurationList;
			buildConfigurations = (
				83FB4FDD282AC3D800224DA3 /* Debug */,
				83FB4FDE282AC3D800224DA3 /* Release */,
			);
			defaultConfigurationIsVisible = 0;
			defaultConfigurationName = Release;
		};
/* End XCConfigurationList section */
	};
	rootObject = 83FB4FC0282AC3D500224DA3 /* Project object */;
}
